
Microsoft Visual Studio Solution File, Format Version 12.00
# Visual Studio 15
VisualStudioVersion = 15.0.27703.2035
MinimumVisualStudioVersion = 10.0.40219.1
Project("{FAE04EC0-301F-11D3-BF4B-00C04F79EFBC}") = "homework01", "homework01\homework01.csproj", "{FBA44D82-3152-46E6-9B49-625A7C11AD58}"
EndProject
Project("{FAE04EC0-301F-11D3-BF4B-00C04F79EFBC}") = "homework02", "homework02\homework02.csproj", "{89C85DDB-E769-45AE-9ECD-E7A94360E02A}"
EndProject
Global
	GlobalSection(SolutionConfigurationPlatforms) = preSolution
		Debug|Any CPU = Debug|Any CPU
		Release|Any CPU = Release|Any CPU
	EndGlobalSection
	GlobalSection(ProjectConfigurationPlatforms) = postSolution
		{FBA44D82-3152-46E6-9B49-625A7C11AD58}.Debug|Any CPU.ActiveCfg = Debug|Any CPU
		{FBA44D82-3152-46E6-9B49-625A7C11AD58}.Debug|Any CPU.Build.0 = Debug|Any CPU
		{FBA44D82-3152-46E6-9B49-625A7C11AD58}.Release|Any CPU.ActiveCfg = Release|Any CPU
		{FBA44D82-3152-46E6-9B49-625A7C11AD58}.Release|Any CPU.Build.0 = Release|Any CPU
		{89C85DDB-E769-45AE-9ECD-E7A94360E02A}.Debug|Any CPU.ActiveCfg = Debug|Any CPU
		{89C85DDB-E769-45AE-9ECD-E7A94360E02A}.Debug|Any CPU.Build.0 = Debug|Any CPU
		{89C85DDB-E769-45AE-9ECD-E7A94360E02A}.Release|Any CPU.ActiveCfg = Release|Any CPU
		{89C85DDB-E769-45AE-9ECD-E7A94360E02A}.Release|Any CPU.Build.0 = Release|Any CPU
	EndGlobalSection
	GlobalSection(SolutionProperties) = preSolution
		HideSolutionNode = FALSE
	EndGlobalSection
	GlobalSection(ExtensibilityGlobals) = postSolution
		SolutionGuid = {4A7E14AB-214C-4097-BC92-FEF5BE43BD7A}
	EndGlobalSection
EndGlobal
