
Microsoft Visual Studio Solution File, Format Version 12.00
# Visual Studio 15
VisualStudioVersion = 15.0.27703.2035
MinimumVisualStudioVersion = 10.0.40219.1
Project("{FAE04EC0-301F-11D3-BF4B-00C04F79EFBC}") = "homework03", "homework03\homework03.csproj", "{2F2FEF29-9D50-4118-A3A3-DD8E60F51E08}"
EndProject
Project("{FAE04EC0-301F-11D3-BF4B-00C04F79EFBC}") = "homework04", "homework04\homework04.csproj", "{1A3C357C-5D37-4C9D-9F3C-7BD44EFA6A34}"
EndProject
Project("{FAE04EC0-301F-11D3-BF4B-00C04F79EFBC}") = "homework05", "homework05\homework05.csproj", "{0904EE04-3B89-45E6-BDB6-0658BD1EE9EB}"
EndProject
Global
	GlobalSection(SolutionConfigurationPlatforms) = preSolution
		Debug|Any CPU = Debug|Any CPU
		Release|Any CPU = Release|Any CPU
	EndGlobalSection
	GlobalSection(ProjectConfigurationPlatforms) = postSolution
		{2F2FEF29-9D50-4118-A3A3-DD8E60F51E08}.Debug|Any CPU.ActiveCfg = Debug|Any CPU
		{2F2FEF29-9D50-4118-A3A3-DD8E60F51E08}.Debug|Any CPU.Build.0 = Debug|Any CPU
		{2F2FEF29-9D50-4118-A3A3-DD8E60F51E08}.Release|Any CPU.ActiveCfg = Release|Any CPU
		{2F2FEF29-9D50-4118-A3A3-DD8E60F51E08}.Release|Any CPU.Build.0 = Release|Any CPU
		{1A3C357C-5D37-4C9D-9F3C-7BD44EFA6A34}.Debug|Any CPU.ActiveCfg = Debug|Any CPU
		{1A3C357C-5D37-4C9D-9F3C-7BD44EFA6A34}.Debug|Any CPU.Build.0 = Debug|Any CPU
		{1A3C357C-5D37-4C9D-9F3C-7BD44EFA6A34}.Release|Any CPU.ActiveCfg = Release|Any CPU
		{1A3C357C-5D37-4C9D-9F3C-7BD44EFA6A34}.Release|Any CPU.Build.0 = Release|Any CPU
		{0904EE04-3B89-45E6-BDB6-0658BD1EE9EB}.Debug|Any CPU.ActiveCfg = Debug|Any CPU
		{0904EE04-3B89-45E6-BDB6-0658BD1EE9EB}.Debug|Any CPU.Build.0 = Debug|Any CPU
		{0904EE04-3B89-45E6-BDB6-0658BD1EE9EB}.Release|Any CPU.ActiveCfg = Release|Any CPU
		{0904EE04-3B89-45E6-BDB6-0658BD1EE9EB}.Release|Any CPU.Build.0 = Release|Any CPU
	EndGlobalSection
	GlobalSection(SolutionProperties) = preSolution
		HideSolutionNode = FALSE
	EndGlobalSection
	GlobalSection(ExtensibilityGlobals) = postSolution
		SolutionGuid = {84DED705-D269-480E-8D46-921CADD0F0A0}
	EndGlobalSection
EndGlobal
