
Microsoft Visual Studio Solution File, Format Version 12.00
# Visual Studio 15
VisualStudioVersion = 15.0.27703.2035
MinimumVisualStudioVersion = 10.0.40219.1
Project("{FAE04EC0-301F-11D3-BF4B-00C04F79EFBC}") = "homework07", "homework07\homework07.csproj", "{0460F49B-59F5-4F1F-A9AE-A13B0F4504F3}"
EndProject
Project("{FAE04EC0-301F-11D3-BF4B-00C04F79EFBC}") = "homework08", "homework08\homework08.csproj", "{64303281-ABB8-442A-AA89-E9894802A662}"
EndProject
Global
	GlobalSection(SolutionConfigurationPlatforms) = preSolution
		Debug|Any CPU = Debug|Any CPU
		Release|Any CPU = Release|Any CPU
	EndGlobalSection
	GlobalSection(ProjectConfigurationPlatforms) = postSolution
		{0460F49B-59F5-4F1F-A9AE-A13B0F4504F3}.Debug|Any CPU.ActiveCfg = Debug|Any CPU
		{0460F49B-59F5-4F1F-A9AE-A13B0F4504F3}.Debug|Any CPU.Build.0 = Debug|Any CPU
		{0460F49B-59F5-4F1F-A9AE-A13B0F4504F3}.Release|Any CPU.ActiveCfg = Release|Any CPU
		{0460F49B-59F5-4F1F-A9AE-A13B0F4504F3}.Release|Any CPU.Build.0 = Release|Any CPU
		{64303281-ABB8-442A-AA89-E9894802A662}.Debug|Any CPU.ActiveCfg = Debug|Any CPU
		{64303281-ABB8-442A-AA89-E9894802A662}.Debug|Any CPU.Build.0 = Debug|Any CPU
		{64303281-ABB8-442A-AA89-E9894802A662}.Release|Any CPU.ActiveCfg = Release|Any CPU
		{64303281-ABB8-442A-AA89-E9894802A662}.Release|Any CPU.Build.0 = Release|Any CPU
	EndGlobalSection
	GlobalSection(SolutionProperties) = preSolution
		HideSolutionNode = FALSE
	EndGlobalSection
	GlobalSection(ExtensibilityGlobals) = postSolution
		SolutionGuid = {917D6DCE-ADE8-4D9D-8B47-CE4885E6B1F9}
	EndGlobalSection
EndGlobal
